
Microsoft Visual Studio Solution File, Format Version 12.00
# Visual Studio 15
Project("{FAE04EC0-301F-11D3-BF4B-00C04F79EFBC}") = "Assembly-CSharp-Editor", "Assembly-CSharp-Editor.csproj", "{67A57725-7ED5-E3DB-8925-F0BD8284FC9A}"
EndProject
Project("{FAE04EC0-301F-11D3-BF4B-00C04F79EFBC}") = "Assembly-CSharp", "Assembly-CSharp.csproj", "{2863479E-A9CA-90CA-0779-33466A6591A6}"
EndProject
Global
	GlobalSection(SolutionConfigurationPlatforms) = preSolution
		Debug|Any CPU = Debug|Any CPU
		Release|Any CPU = Release|Any CPU
	EndGlobalSection
	GlobalSection(ProjectConfigurationPlatforms) = postSolution
		{67A57725-7ED5-E3DB-8925-F0BD8284FC9A}.Debug|Any CPU.ActiveCfg = Debug|Any CPU
		{67A57725-7ED5-E3DB-8925-F0BD8284FC9A}.Debug|Any CPU.Build.0 = Debug|Any CPU
		{67A57725-7ED5-E3DB-8925-F0BD8284FC9A}.Release|Any CPU.ActiveCfg = Release|Any CPU
		{67A57725-7ED5-E3DB-8925-F0BD8284FC9A}.Release|Any CPU.Build.0 = Release|Any CPU
		{2863479E-A9CA-90CA-0779-33466A6591A6}.Debug|Any CPU.ActiveCfg = Debug|Any CPU
		{2863479E-A9CA-90CA-0779-33466A6591A6}.Debug|Any CPU.Build.0 = Debug|Any CPU
		{2863479E-A9CA-90CA-0779-33466A6591A6}.Release|Any CPU.ActiveCfg = Release|Any CPU
		{2863479E-A9CA-90CA-0779-33466A6591A6}.Release|Any CPU.Build.0 = Release|Any CPU
	EndGlobalSection
	GlobalSection(SolutionProperties) = preSolution
		HideSolutionNode = FALSE
	EndGlobalSection
EndGlobal
